[[package]]
name = "more-termcolor"
version = "1.1.3"
description = "All colors, with support for nested colors, convenience methods and full original termcolor compatability."
category = "main"
optional = false
python-versions = ">=3.7"

[package.extras]
dev = ["pytest", "ipdb", "ipython", "semver", "birdseye"]

[[package]]
name = "pause"
version = "0.3"
description = "A timestamp-based sleep function for Python."
category = "main"
optional = false
python-versions = "*"

[metadata]
lock-version = "1.1"
python-versions = "^3.8"
content-hash = "e85529d908c3530762bbe66636d0186418d249e599e6514fe45558b9003d3bc4"

[metadata.files]
more-termcolor = [
    {file = "more_termcolor-1.1.3-py3-none-any.whl", hash = "sha256:6e0ad652159b20fbce3c52611d619a91bc66f9a7dde49bda76008b83349a6995"},
    {file = "more_termcolor-1.1.3.tar.gz", hash = "sha256:5d4c193c6b680fff8cc676d7f43af6d53e49e5b89f0ad0a1ebe8b3ff5112ebf7"},
]
pause = [
    {file = "pause-0.3.tar.gz", hash = "sha256:82284ec6213376f718a86a51cf1df04eaa77ce85e349bff63c0071e7db33daba"},
]
